
Microsoft Visual Studio Solution File, Format Version 12.00
# Visual Studio Version 17
VisualStudioVersion = 17.4.33205.214
MinimumVisualStudioVersion = 10.0.40219.1
Project("{9A19103F-16F7-4668-BE54-9A1E7A4F7556}") = "TreeStore.API", "TreeStore.API\TreeStore.API.csproj", "{07A1A35E-D280-4788-B9EA-61CADBD17E77}"
EndProject
Project("{FAE04EC0-301F-11D3-BF4B-00C04F79EFBC}") = "TreeStore.Domain", "TreeStore.Domain\TreeStore.Domain.csproj", "{ECDD0884-5D32-4E1F-B132-DFC5E6C8CAE1}"
EndProject
Project("{FAE04EC0-301F-11D3-BF4B-00C04F79EFBC}") = "TreeStore.Infrastructure", "TreeStore.Infrastructure\TreeStore.Infrastructure.csproj", "{6EADAEA4-BC0B-4AF5-B07A-BF794972B7D4}"
EndProject
Global
	GlobalSection(SolutionConfigurationPlatforms) = preSolution
		Debug|Any CPU = Debug|Any CPU
		Release|Any CPU = Release|Any CPU
	EndGlobalSection
	GlobalSection(ProjectConfigurationPlatforms) = postSolution
		{07A1A35E-D280-4788-B9EA-61CADBD17E77}.Debug|Any CPU.ActiveCfg = Debug|Any CPU
		{07A1A35E-D280-4788-B9EA-61CADBD17E77}.Debug|Any CPU.Build.0 = Debug|Any CPU
		{07A1A35E-D280-4788-B9EA-61CADBD17E77}.Release|Any CPU.ActiveCfg = Release|Any CPU
		{07A1A35E-D280-4788-B9EA-61CADBD17E77}.Release|Any CPU.Build.0 = Release|Any CPU
		{ECDD0884-5D32-4E1F-B132-DFC5E6C8CAE1}.Debug|Any CPU.ActiveCfg = Debug|Any CPU
		{ECDD0884-5D32-4E1F-B132-DFC5E6C8CAE1}.Debug|Any CPU.Build.0 = Debug|Any CPU
		{ECDD0884-5D32-4E1F-B132-DFC5E6C8CAE1}.Release|Any CPU.ActiveCfg = Release|Any CPU
		{ECDD0884-5D32-4E1F-B132-DFC5E6C8CAE1}.Release|Any CPU.Build.0 = Release|Any CPU
		{6EADAEA4-BC0B-4AF5-B07A-BF794972B7D4}.Debug|Any CPU.ActiveCfg = Debug|Any CPU
		{6EADAEA4-BC0B-4AF5-B07A-BF794972B7D4}.Debug|Any CPU.Build.0 = Debug|Any CPU
		{6EADAEA4-BC0B-4AF5-B07A-BF794972B7D4}.Release|Any CPU.ActiveCfg = Release|Any CPU
		{6EADAEA4-BC0B-4AF5-B07A-BF794972B7D4}.Release|Any CPU.Build.0 = Release|Any CPU
	EndGlobalSection
	GlobalSection(SolutionProperties) = preSolution
		HideSolutionNode = FALSE
	EndGlobalSection
	GlobalSection(ExtensibilityGlobals) = postSolution
		SolutionGuid = {710FB0BE-E796-4A0C-9E44-0A611F3AD0C0}
	EndGlobalSection
EndGlobal
